
Microsoft Visual Studio Solution File, Format Version 12.00
# Visual Studio Version 18
VisualStudioVersion = 18.5.11716.220
MinimumVisualStudioVersion = 10.0.40219.1
Project("{9A19103F-16F7-4668-BE54-9A1E7A4F7556}") = "IVSoftware.Portable.Xml.Linq.XBoundObject", "IVSoftware.Portable.Xml.Linq.XBoundObject\IVSoftware.Portable.Xml.Linq.XBoundObject.csproj", "{D58DDEF0-6C9B-4CE1-B548-FED89BDFDF7A}"
EndProject
Project("{FAE04EC0-301F-11D3-BF4B-00C04F79EFBC}") = "XBoundObject.MSTest", "MSTestProject\XBoundObject.MSTest.csproj", "{20D76ACB-3F5F-41CE-A8D3-37D8B89EC885}"
EndProject
Project("{FAE04EC0-301F-11D3-BF4B-00C04F79EFBC}") = "Offsettors.MSTest", "Offsettors.MSTest\Offsettors.MSTest.csproj", "{591CD865-2930-4A93-96FA-638B19427F2D}"
EndProject
Project("{FAE04EC0-301F-11D3-BF4B-00C04F79EFBC}") = "IVSoftware.MSTest.Extensions", "..\IVSoftware.Portable.Xml.Linq.Collections\IVSoftware.Portable.Xml.Linq.Collections.Extensions\IVSoftware.MSTest.Extensions.csproj", "{8A8ED005-8125-21DF-4156-1C6D559EC3CF}"
EndProject
Global
	GlobalSection(SolutionConfigurationPlatforms) = preSolution
		Debug|Any CPU = Debug|Any CPU
		Release|Any CPU = Release|Any CPU
	EndGlobalSection
	GlobalSection(ProjectConfigurationPlatforms) = postSolution
		{D58DDEF0-6C9B-4CE1-B548-FED89BDFDF7A}.Debug|Any CPU.ActiveCfg = Debug|Any CPU
		{D58DDEF0-6C9B-4CE1-B548-FED89BDFDF7A}.Debug|Any CPU.Build.0 = Debug|Any CPU
		{D58DDEF0-6C9B-4CE1-B548-FED89BDFDF7A}.Release|Any CPU.ActiveCfg = Release|Any CPU
		{D58DDEF0-6C9B-4CE1-B548-FED89BDFDF7A}.Release|Any CPU.Build.0 = Release|Any CPU
		{20D76ACB-3F5F-41CE-A8D3-37D8B89EC885}.Debug|Any CPU.ActiveCfg = Debug|Any CPU
		{20D76ACB-3F5F-41CE-A8D3-37D8B89EC885}.Debug|Any CPU.Build.0 = Debug|Any CPU
		{20D76ACB-3F5F-41CE-A8D3-37D8B89EC885}.Release|Any CPU.ActiveCfg = Release|Any CPU
		{20D76ACB-3F5F-41CE-A8D3-37D8B89EC885}.Release|Any CPU.Build.0 = Release|Any CPU
		{591CD865-2930-4A93-96FA-638B19427F2D}.Debug|Any CPU.ActiveCfg = Debug|Any CPU
		{591CD865-2930-4A93-96FA-638B19427F2D}.Debug|Any CPU.Build.0 = Debug|Any CPU
		{591CD865-2930-4A93-96FA-638B19427F2D}.Release|Any CPU.ActiveCfg = Release|Any CPU
		{591CD865-2930-4A93-96FA-638B19427F2D}.Release|Any CPU.Build.0 = Release|Any CPU
		{8A8ED005-8125-21DF-4156-1C6D559EC3CF}.Debug|Any CPU.ActiveCfg = Debug|Any CPU
		{8A8ED005-8125-21DF-4156-1C6D559EC3CF}.Debug|Any CPU.Build.0 = Debug|Any CPU
		{8A8ED005-8125-21DF-4156-1C6D559EC3CF}.Release|Any CPU.ActiveCfg = Release|Any CPU
		{8A8ED005-8125-21DF-4156-1C6D559EC3CF}.Release|Any CPU.Build.0 = Release|Any CPU
	EndGlobalSection
	GlobalSection(SolutionProperties) = preSolution
		HideSolutionNode = FALSE
	EndGlobalSection
	GlobalSection(ExtensibilityGlobals) = postSolution
		SolutionGuid = {F7261C76-3F7B-4F57-8829-0F8CEDE67010}
	EndGlobalSection
EndGlobal
