
Microsoft Visual Studio Solution File, Format Version 12.00
# Visual Studio Version 17
VisualStudioVersion = 17.7.34024.191
MinimumVisualStudioVersion = 10.0.40219.1
Project("{9A19103F-16F7-4668-BE54-9A1E7A4F7556}") = "IVSoftware.Portable.Xml.Linq.XBoundObject", "IVSoftware.Portable.Xml.Linq.XBoundObject\IVSoftware.Portable.Xml.Linq.XBoundObject.csproj", "{D58DDEF0-6C9B-4CE1-B548-FED89BDFDF7A}"
EndProject
Project("{FAE04EC0-301F-11D3-BF4B-00C04F79EFBC}") = "XBoundObjectMSTest", "MSTestProject\XBoundObjectMSTest.csproj", "{20D76ACB-3F5F-41CE-A8D3-37D8B89EC885}"
EndProject
Global
	GlobalSection(SolutionConfigurationPlatforms) = preSolution
		Debug|Any CPU = Debug|Any CPU
		Release|Any CPU = Release|Any CPU
	EndGlobalSection
	GlobalSection(ProjectConfigurationPlatforms) = postSolution
		{D58DDEF0-6C9B-4CE1-B548-FED89BDFDF7A}.Debug|Any CPU.ActiveCfg = Debug|Any CPU
		{D58DDEF0-6C9B-4CE1-B548-FED89BDFDF7A}.Debug|Any CPU.Build.0 = Debug|Any CPU
		{D58DDEF0-6C9B-4CE1-B548-FED89BDFDF7A}.Release|Any CPU.ActiveCfg = Release|Any CPU
		{D58DDEF0-6C9B-4CE1-B548-FED89BDFDF7A}.Release|Any CPU.Build.0 = Release|Any CPU
		{20D76ACB-3F5F-41CE-A8D3-37D8B89EC885}.Debug|Any CPU.ActiveCfg = Debug|Any CPU
		{20D76ACB-3F5F-41CE-A8D3-37D8B89EC885}.Debug|Any CPU.Build.0 = Debug|Any CPU
		{20D76ACB-3F5F-41CE-A8D3-37D8B89EC885}.Release|Any CPU.ActiveCfg = Release|Any CPU
		{20D76ACB-3F5F-41CE-A8D3-37D8B89EC885}.Release|Any CPU.Build.0 = Release|Any CPU
	EndGlobalSection
	GlobalSection(SolutionProperties) = preSolution
		HideSolutionNode = FALSE
	EndGlobalSection
	GlobalSection(ExtensibilityGlobals) = postSolution
		SolutionGuid = {F7261C76-3F7B-4F57-8829-0F8CEDE67010}
	EndGlobalSection
EndGlobal
